
Microsoft Visual Studio Solution File, Format Version 12.00
# Visual Studio Version 17
VisualStudioVersion = 17.11.35219.272
MinimumVisualStudioVersion = 10.0.40219.1
Project("{8BC9CEB8-8B4A-11D0-8D11-00A0C91BC942}") = "B3613", "B3613\B3613.vcxproj", "{555B504F-094D-4B93-885B-CCB557926491}"
EndProject
Global
	GlobalSection(SolutionConfigurationPlatforms) = preSolution
		Debug|x64 = Debug|x64
		Debug|x86 = Debug|x86
		Release|x64 = Release|x64
		Release|x86 = Release|x86
	EndGlobalSection
	GlobalSection(ProjectConfigurationPlatforms) = postSolution
		{555B504F-094D-4B93-885B-CCB557926491}.Debug|x64.ActiveCfg = Debug|x64
		{555B504F-094D-4B93-885B-CCB557926491}.Debug|x64.Build.0 = Debug|x64
		{555B504F-094D-4B93-885B-CCB557926491}.Debug|x86.ActiveCfg = Debug|Win32
		{555B504F-094D-4B93-885B-CCB557926491}.Debug|x86.Build.0 = Debug|Win32
		{555B504F-094D-4B93-885B-CCB557926491}.Release|x64.ActiveCfg = Release|x64
		{555B504F-094D-4B93-885B-CCB557926491}.Release|x64.Build.0 = Release|x64
		{555B504F-094D-4B93-885B-CCB557926491}.Release|x86.ActiveCfg = Release|Win32
		{555B504F-094D-4B93-885B-CCB557926491}.Release|x86.Build.0 = Release|Win32
	EndGlobalSection
	GlobalSection(SolutionProperties) = preSolution
		HideSolutionNode = FALSE
	EndGlobalSection
	GlobalSection(ExtensibilityGlobals) = postSolution
		SolutionGuid = {20D52CC5-F687-4592-9F1D-C5AD62E30AD0}
	EndGlobalSection
EndGlobal
