
Microsoft Visual Studio Solution File, Format Version 12.00
# Visual Studio Version 17
VisualStudioVersion = 17.11.35312.102
MinimumVisualStudioVersion = 10.0.40219.1
Project("{8BC9CEB8-8B4A-11D0-8D11-00A0C91BC942}") = "binary & block", "binary & block\binary & block.vcxproj", "{53CC5E59-2336-4F6F-A94D-D79E56C261EE}"
EndProject
Global
	GlobalSection(SolutionConfigurationPlatforms) = preSolution
		Debug|x64 = Debug|x64
		Debug|x86 = Debug|x86
		Release|x64 = Release|x64
		Release|x86 = Release|x86
	EndGlobalSection
	GlobalSection(ProjectConfigurationPlatforms) = postSolution
		{53CC5E59-2336-4F6F-A94D-D79E56C261EE}.Debug|x64.ActiveCfg = Debug|x64
		{53CC5E59-2336-4F6F-A94D-D79E56C261EE}.Debug|x64.Build.0 = Debug|x64
		{53CC5E59-2336-4F6F-A94D-D79E56C261EE}.Debug|x86.ActiveCfg = Debug|Win32
		{53CC5E59-2336-4F6F-A94D-D79E56C261EE}.Debug|x86.Build.0 = Debug|Win32
		{53CC5E59-2336-4F6F-A94D-D79E56C261EE}.Release|x64.ActiveCfg = Release|x64
		{53CC5E59-2336-4F6F-A94D-D79E56C261EE}.Release|x64.Build.0 = Release|x64
		{53CC5E59-2336-4F6F-A94D-D79E56C261EE}.Release|x86.ActiveCfg = Release|Win32
		{53CC5E59-2336-4F6F-A94D-D79E56C261EE}.Release|x86.Build.0 = Release|Win32
	EndGlobalSection
	GlobalSection(SolutionProperties) = preSolution
		HideSolutionNode = FALSE
	EndGlobalSection
	GlobalSection(ExtensibilityGlobals) = postSolution
		SolutionGuid = {699765DA-FE49-4E75-9E18-99EF1AAB0E85}
	EndGlobalSection
EndGlobal
