
Microsoft Visual Studio Solution File, Format Version 12.00
# Visual Studio Version 17
VisualStudioVersion = 17.10.34916.146
MinimumVisualStudioVersion = 10.0.40219.1
Project("{8BC9CEB8-8B4A-11D0-8D11-00A0C91BC942}") = "B2070", "B2070\B2070.vcxproj", "{ED6671BC-06E0-49BB-9722-A7B295949123}"
EndProject
Global
	GlobalSection(SolutionConfigurationPlatforms) = preSolution
		Debug|x64 = Debug|x64
		Debug|x86 = Debug|x86
		Release|x64 = Release|x64
		Release|x86 = Release|x86
	EndGlobalSection
	GlobalSection(ProjectConfigurationPlatforms) = postSolution
		{ED6671BC-06E0-49BB-9722-A7B295949123}.Debug|x64.ActiveCfg = Debug|x64
		{ED6671BC-06E0-49BB-9722-A7B295949123}.Debug|x64.Build.0 = Debug|x64
		{ED6671BC-06E0-49BB-9722-A7B295949123}.Debug|x86.ActiveCfg = Debug|Win32
		{ED6671BC-06E0-49BB-9722-A7B295949123}.Debug|x86.Build.0 = Debug|Win32
		{ED6671BC-06E0-49BB-9722-A7B295949123}.Release|x64.ActiveCfg = Release|x64
		{ED6671BC-06E0-49BB-9722-A7B295949123}.Release|x64.Build.0 = Release|x64
		{ED6671BC-06E0-49BB-9722-A7B295949123}.Release|x86.ActiveCfg = Release|Win32
		{ED6671BC-06E0-49BB-9722-A7B295949123}.Release|x86.Build.0 = Release|Win32
	EndGlobalSection
	GlobalSection(SolutionProperties) = preSolution
		HideSolutionNode = FALSE
	EndGlobalSection
	GlobalSection(ExtensibilityGlobals) = postSolution
		SolutionGuid = {7E0894C4-730B-49B2-8947-F8C858A04F68}
	EndGlobalSection
EndGlobal
