
Microsoft Visual Studio Solution File, Format Version 12.00
# Visual Studio Version 17
VisualStudioVersion = 17.11.35312.102
MinimumVisualStudioVersion = 10.0.40219.1
Project("{8BC9CEB8-8B4A-11D0-8D11-00A0C91BC942}") = "B3648", "B3648\B3648.vcxproj", "{A907C85B-FAFD-4229-9EC4-A5DE9D1EBB52}"
EndProject
Global
	GlobalSection(SolutionConfigurationPlatforms) = preSolution
		Debug|x64 = Debug|x64
		Debug|x86 = Debug|x86
		Release|x64 = Release|x64
		Release|x86 = Release|x86
	EndGlobalSection
	GlobalSection(ProjectConfigurationPlatforms) = postSolution
		{A907C85B-FAFD-4229-9EC4-A5DE9D1EBB52}.Debug|x64.ActiveCfg = Debug|x64
		{A907C85B-FAFD-4229-9EC4-A5DE9D1EBB52}.Debug|x64.Build.0 = Debug|x64
		{A907C85B-FAFD-4229-9EC4-A5DE9D1EBB52}.Debug|x86.ActiveCfg = Debug|Win32
		{A907C85B-FAFD-4229-9EC4-A5DE9D1EBB52}.Debug|x86.Build.0 = Debug|Win32
		{A907C85B-FAFD-4229-9EC4-A5DE9D1EBB52}.Release|x64.ActiveCfg = Release|x64
		{A907C85B-FAFD-4229-9EC4-A5DE9D1EBB52}.Release|x64.Build.0 = Release|x64
		{A907C85B-FAFD-4229-9EC4-A5DE9D1EBB52}.Release|x86.ActiveCfg = Release|Win32
		{A907C85B-FAFD-4229-9EC4-A5DE9D1EBB52}.Release|x86.Build.0 = Release|Win32
	EndGlobalSection
	GlobalSection(SolutionProperties) = preSolution
		HideSolutionNode = FALSE
	EndGlobalSection
	GlobalSection(ExtensibilityGlobals) = postSolution
		SolutionGuid = {31DD3136-A255-4DCE-A6CB-B264D053EA30}
	EndGlobalSection
EndGlobal
