
Microsoft Visual Studio Solution File, Format Version 12.00
# Visual Studio Version 17
VisualStudioVersion = 17.10.34916.146
MinimumVisualStudioVersion = 10.0.40219.1
Project("{8BC9CEB8-8B4A-11D0-8D11-00A0C91BC942}") = "B2057", "B2057\B2057.vcxproj", "{67249D06-408F-474E-B0C9-46AA19DE1C81}"
EndProject
Global
	GlobalSection(SolutionConfigurationPlatforms) = preSolution
		Debug|x64 = Debug|x64
		Debug|x86 = Debug|x86
		Release|x64 = Release|x64
		Release|x86 = Release|x86
	EndGlobalSection
	GlobalSection(ProjectConfigurationPlatforms) = postSolution
		{67249D06-408F-474E-B0C9-46AA19DE1C81}.Debug|x64.ActiveCfg = Debug|x64
		{67249D06-408F-474E-B0C9-46AA19DE1C81}.Debug|x64.Build.0 = Debug|x64
		{67249D06-408F-474E-B0C9-46AA19DE1C81}.Debug|x86.ActiveCfg = Debug|Win32
		{67249D06-408F-474E-B0C9-46AA19DE1C81}.Debug|x86.Build.0 = Debug|Win32
		{67249D06-408F-474E-B0C9-46AA19DE1C81}.Release|x64.ActiveCfg = Release|x64
		{67249D06-408F-474E-B0C9-46AA19DE1C81}.Release|x64.Build.0 = Release|x64
		{67249D06-408F-474E-B0C9-46AA19DE1C81}.Release|x86.ActiveCfg = Release|Win32
		{67249D06-408F-474E-B0C9-46AA19DE1C81}.Release|x86.Build.0 = Release|Win32
	EndGlobalSection
	GlobalSection(SolutionProperties) = preSolution
		HideSolutionNode = FALSE
	EndGlobalSection
	GlobalSection(ExtensibilityGlobals) = postSolution
		SolutionGuid = {31BE40BC-FB5B-496C-89AB-75C5C9019383}
	EndGlobalSection
EndGlobal
