
Microsoft Visual Studio Solution File, Format Version 12.00
# Visual Studio Version 17
VisualStudioVersion = 17.11.35219.272
MinimumVisualStudioVersion = 10.0.40219.1
Project("{8BC9CEB8-8B4A-11D0-8D11-00A0C91BC942}") = "B2616", "B2616\B2616.vcxproj", "{C0CE11D7-754B-4551-AF5F-00447BD1C83D}"
EndProject
Global
	GlobalSection(SolutionConfigurationPlatforms) = preSolution
		Debug|x64 = Debug|x64
		Debug|x86 = Debug|x86
		Release|x64 = Release|x64
		Release|x86 = Release|x86
	EndGlobalSection
	GlobalSection(ProjectConfigurationPlatforms) = postSolution
		{C0CE11D7-754B-4551-AF5F-00447BD1C83D}.Debug|x64.ActiveCfg = Debug|x64
		{C0CE11D7-754B-4551-AF5F-00447BD1C83D}.Debug|x64.Build.0 = Debug|x64
		{C0CE11D7-754B-4551-AF5F-00447BD1C83D}.Debug|x86.ActiveCfg = Debug|Win32
		{C0CE11D7-754B-4551-AF5F-00447BD1C83D}.Debug|x86.Build.0 = Debug|Win32
		{C0CE11D7-754B-4551-AF5F-00447BD1C83D}.Release|x64.ActiveCfg = Release|x64
		{C0CE11D7-754B-4551-AF5F-00447BD1C83D}.Release|x64.Build.0 = Release|x64
		{C0CE11D7-754B-4551-AF5F-00447BD1C83D}.Release|x86.ActiveCfg = Release|Win32
		{C0CE11D7-754B-4551-AF5F-00447BD1C83D}.Release|x86.Build.0 = Release|Win32
	EndGlobalSection
	GlobalSection(SolutionProperties) = preSolution
		HideSolutionNode = FALSE
	EndGlobalSection
	GlobalSection(ExtensibilityGlobals) = postSolution
		SolutionGuid = {787724BC-B7C9-4DCE-A5B7-024077A265F3}
	EndGlobalSection
EndGlobal
