
Microsoft Visual Studio Solution File, Format Version 12.00
# Visual Studio Version 17
VisualStudioVersion = 17.11.35312.102
MinimumVisualStudioVersion = 10.0.40219.1
Project("{8BC9CEB8-8B4A-11D0-8D11-00A0C91BC942}") = "88", "88\88.vcxproj", "{BE978130-2B1F-4189-A6D1-1E3703161392}"
EndProject
Global
	GlobalSection(SolutionConfigurationPlatforms) = preSolution
		Debug|x64 = Debug|x64
		Debug|x86 = Debug|x86
		Release|x64 = Release|x64
		Release|x86 = Release|x86
	EndGlobalSection
	GlobalSection(ProjectConfigurationPlatforms) = postSolution
		{BE978130-2B1F-4189-A6D1-1E3703161392}.Debug|x64.ActiveCfg = Debug|x64
		{BE978130-2B1F-4189-A6D1-1E3703161392}.Debug|x64.Build.0 = Debug|x64
		{BE978130-2B1F-4189-A6D1-1E3703161392}.Debug|x86.ActiveCfg = Debug|Win32
		{BE978130-2B1F-4189-A6D1-1E3703161392}.Debug|x86.Build.0 = Debug|Win32
		{BE978130-2B1F-4189-A6D1-1E3703161392}.Release|x64.ActiveCfg = Release|x64
		{BE978130-2B1F-4189-A6D1-1E3703161392}.Release|x64.Build.0 = Release|x64
		{BE978130-2B1F-4189-A6D1-1E3703161392}.Release|x86.ActiveCfg = Release|Win32
		{BE978130-2B1F-4189-A6D1-1E3703161392}.Release|x86.Build.0 = Release|Win32
	EndGlobalSection
	GlobalSection(SolutionProperties) = preSolution
		HideSolutionNode = FALSE
	EndGlobalSection
	GlobalSection(ExtensibilityGlobals) = postSolution
		SolutionGuid = {B9043326-087A-4A69-881D-2A3F8F39941F}
	EndGlobalSection
EndGlobal
