
Microsoft Visual Studio Solution File, Format Version 12.00
# Visual Studio Version 17
VisualStudioVersion = 17.11.35312.102
MinimumVisualStudioVersion = 10.0.40219.1
Project("{8BC9CEB8-8B4A-11D0-8D11-00A0C91BC942}") = "532", "532\532.vcxproj", "{C2B73056-3006-4A41-9987-CF9645E502C7}"
EndProject
Global
	GlobalSection(SolutionConfigurationPlatforms) = preSolution
		Debug|x64 = Debug|x64
		Debug|x86 = Debug|x86
		Release|x64 = Release|x64
		Release|x86 = Release|x86
	EndGlobalSection
	GlobalSection(ProjectConfigurationPlatforms) = postSolution
		{C2B73056-3006-4A41-9987-CF9645E502C7}.Debug|x64.ActiveCfg = Debug|x64
		{C2B73056-3006-4A41-9987-CF9645E502C7}.Debug|x64.Build.0 = Debug|x64
		{C2B73056-3006-4A41-9987-CF9645E502C7}.Debug|x86.ActiveCfg = Debug|Win32
		{C2B73056-3006-4A41-9987-CF9645E502C7}.Debug|x86.Build.0 = Debug|Win32
		{C2B73056-3006-4A41-9987-CF9645E502C7}.Release|x64.ActiveCfg = Release|x64
		{C2B73056-3006-4A41-9987-CF9645E502C7}.Release|x64.Build.0 = Release|x64
		{C2B73056-3006-4A41-9987-CF9645E502C7}.Release|x86.ActiveCfg = Release|Win32
		{C2B73056-3006-4A41-9987-CF9645E502C7}.Release|x86.Build.0 = Release|Win32
	EndGlobalSection
	GlobalSection(SolutionProperties) = preSolution
		HideSolutionNode = FALSE
	EndGlobalSection
	GlobalSection(ExtensibilityGlobals) = postSolution
		SolutionGuid = {FB815B11-70A9-4640-9B0D-91F7149DD39A}
	EndGlobalSection
EndGlobal
