
Microsoft Visual Studio Solution File, Format Version 12.00
# Visual Studio Version 17
VisualStudioVersion = 17.10.34916.146
MinimumVisualStudioVersion = 10.0.40219.1
Project("{8BC9CEB8-8B4A-11D0-8D11-00A0C91BC942}") = "B2056", "B2056\B2056.vcxproj", "{EEBAD947-C6AC-453B-8D7C-C809437A0A78}"
EndProject
Global
	GlobalSection(SolutionConfigurationPlatforms) = preSolution
		Debug|x64 = Debug|x64
		Debug|x86 = Debug|x86
		Release|x64 = Release|x64
		Release|x86 = Release|x86
	EndGlobalSection
	GlobalSection(ProjectConfigurationPlatforms) = postSolution
		{EEBAD947-C6AC-453B-8D7C-C809437A0A78}.Debug|x64.ActiveCfg = Debug|x64
		{EEBAD947-C6AC-453B-8D7C-C809437A0A78}.Debug|x64.Build.0 = Debug|x64
		{EEBAD947-C6AC-453B-8D7C-C809437A0A78}.Debug|x86.ActiveCfg = Debug|Win32
		{EEBAD947-C6AC-453B-8D7C-C809437A0A78}.Debug|x86.Build.0 = Debug|Win32
		{EEBAD947-C6AC-453B-8D7C-C809437A0A78}.Release|x64.ActiveCfg = Release|x64
		{EEBAD947-C6AC-453B-8D7C-C809437A0A78}.Release|x64.Build.0 = Release|x64
		{EEBAD947-C6AC-453B-8D7C-C809437A0A78}.Release|x86.ActiveCfg = Release|Win32
		{EEBAD947-C6AC-453B-8D7C-C809437A0A78}.Release|x86.Build.0 = Release|Win32
	EndGlobalSection
	GlobalSection(SolutionProperties) = preSolution
		HideSolutionNode = FALSE
	EndGlobalSection
	GlobalSection(ExtensibilityGlobals) = postSolution
		SolutionGuid = {DDFEEA17-28AF-48F7-9F08-5805F27F9BB8}
	EndGlobalSection
EndGlobal
