
Microsoft Visual Studio Solution File, Format Version 12.00
# Visual Studio Version 17
VisualStudioVersion = 17.9.34728.123
MinimumVisualStudioVersion = 10.0.40219.1
Project("{8BC9CEB8-8B4A-11D0-8D11-00A0C91BC942}") = "P4913", "P4913\P4913.vcxproj", "{06BB61C6-6FEE-474F-827A-C39A975F3F8B}"
EndProject
Global
	GlobalSection(SolutionConfigurationPlatforms) = preSolution
		Debug|x64 = Debug|x64
		Debug|x86 = Debug|x86
		Release|x64 = Release|x64
		Release|x86 = Release|x86
	EndGlobalSection
	GlobalSection(ProjectConfigurationPlatforms) = postSolution
		{06BB61C6-6FEE-474F-827A-C39A975F3F8B}.Debug|x64.ActiveCfg = Debug|x64
		{06BB61C6-6FEE-474F-827A-C39A975F3F8B}.Debug|x64.Build.0 = Debug|x64
		{06BB61C6-6FEE-474F-827A-C39A975F3F8B}.Debug|x86.ActiveCfg = Debug|Win32
		{06BB61C6-6FEE-474F-827A-C39A975F3F8B}.Debug|x86.Build.0 = Debug|Win32
		{06BB61C6-6FEE-474F-827A-C39A975F3F8B}.Release|x64.ActiveCfg = Release|x64
		{06BB61C6-6FEE-474F-827A-C39A975F3F8B}.Release|x64.Build.0 = Release|x64
		{06BB61C6-6FEE-474F-827A-C39A975F3F8B}.Release|x86.ActiveCfg = Release|Win32
		{06BB61C6-6FEE-474F-827A-C39A975F3F8B}.Release|x86.Build.0 = Release|Win32
	EndGlobalSection
	GlobalSection(SolutionProperties) = preSolution
		HideSolutionNode = FALSE
	EndGlobalSection
	GlobalSection(ExtensibilityGlobals) = postSolution
		SolutionGuid = {9C229956-B852-4C9E-A83E-C89E3B269C89}
	EndGlobalSection
EndGlobal
