
Microsoft Visual Studio Solution File, Format Version 12.00
# Visual Studio Version 17
VisualStudioVersion = 17.10.35122.118
MinimumVisualStudioVersion = 10.0.40219.1
Project("{8BC9CEB8-8B4A-11D0-8D11-00A0C91BC942}") = "B2125", "B2125\B2125.vcxproj", "{548BEE9A-1614-4E15-AB59-BDA31A4526B1}"
EndProject
Global
	GlobalSection(SolutionConfigurationPlatforms) = preSolution
		Debug|x64 = Debug|x64
		Debug|x86 = Debug|x86
		Release|x64 = Release|x64
		Release|x86 = Release|x86
	EndGlobalSection
	GlobalSection(ProjectConfigurationPlatforms) = postSolution
		{548BEE9A-1614-4E15-AB59-BDA31A4526B1}.Debug|x64.ActiveCfg = Debug|x64
		{548BEE9A-1614-4E15-AB59-BDA31A4526B1}.Debug|x64.Build.0 = Debug|x64
		{548BEE9A-1614-4E15-AB59-BDA31A4526B1}.Debug|x86.ActiveCfg = Debug|Win32
		{548BEE9A-1614-4E15-AB59-BDA31A4526B1}.Debug|x86.Build.0 = Debug|Win32
		{548BEE9A-1614-4E15-AB59-BDA31A4526B1}.Release|x64.ActiveCfg = Release|x64
		{548BEE9A-1614-4E15-AB59-BDA31A4526B1}.Release|x64.Build.0 = Release|x64
		{548BEE9A-1614-4E15-AB59-BDA31A4526B1}.Release|x86.ActiveCfg = Release|Win32
		{548BEE9A-1614-4E15-AB59-BDA31A4526B1}.Release|x86.Build.0 = Release|Win32
	EndGlobalSection
	GlobalSection(SolutionProperties) = preSolution
		HideSolutionNode = FALSE
	EndGlobalSection
	GlobalSection(ExtensibilityGlobals) = postSolution
		SolutionGuid = {5F377DED-D5B2-434B-90C8-0E290EFE13E3}
	EndGlobalSection
EndGlobal
