
Microsoft Visual Studio Solution File, Format Version 12.00
# Visual Studio Version 17
VisualStudioVersion = 17.9.34616.47
MinimumVisualStudioVersion = 10.0.40219.1
Project("{8BC9CEB8-8B4A-11D0-8D11-00A0C91BC942}") = "B2001", "B2001\B2001.vcxproj", "{B01A2969-DADE-43C0-BAB3-AEF6A681F7BF}"
EndProject
Global
	GlobalSection(SolutionConfigurationPlatforms) = preSolution
		Debug|x64 = Debug|x64
		Debug|x86 = Debug|x86
		Release|x64 = Release|x64
		Release|x86 = Release|x86
	EndGlobalSection
	GlobalSection(ProjectConfigurationPlatforms) = postSolution
		{B01A2969-DADE-43C0-BAB3-AEF6A681F7BF}.Debug|x64.ActiveCfg = Debug|x64
		{B01A2969-DADE-43C0-BAB3-AEF6A681F7BF}.Debug|x64.Build.0 = Debug|x64
		{B01A2969-DADE-43C0-BAB3-AEF6A681F7BF}.Debug|x86.ActiveCfg = Debug|Win32
		{B01A2969-DADE-43C0-BAB3-AEF6A681F7BF}.Debug|x86.Build.0 = Debug|Win32
		{B01A2969-DADE-43C0-BAB3-AEF6A681F7BF}.Release|x64.ActiveCfg = Release|x64
		{B01A2969-DADE-43C0-BAB3-AEF6A681F7BF}.Release|x64.Build.0 = Release|x64
		{B01A2969-DADE-43C0-BAB3-AEF6A681F7BF}.Release|x86.ActiveCfg = Release|Win32
		{B01A2969-DADE-43C0-BAB3-AEF6A681F7BF}.Release|x86.Build.0 = Release|Win32
	EndGlobalSection
	GlobalSection(SolutionProperties) = preSolution
		HideSolutionNode = FALSE
	EndGlobalSection
	GlobalSection(ExtensibilityGlobals) = postSolution
		SolutionGuid = {D1011FE1-72BC-401F-928B-5F8AC3263418}
	EndGlobalSection
EndGlobal
