
Microsoft Visual Studio Solution File, Format Version 12.00
# Visual Studio Version 17
VisualStudioVersion = 17.9.34728.123
MinimumVisualStudioVersion = 10.0.40219.1
Project("{8BC9CEB8-8B4A-11D0-8D11-00A0C91BC942}") = "Loop&StaticNode", "Loop&StaticNode\Loop&StaticNode.vcxproj", "{0FF98BA5-9A34-428A-B824-4C531A6E7A07}"
EndProject
Global
	GlobalSection(SolutionConfigurationPlatforms) = preSolution
		Debug|x64 = Debug|x64
		Debug|x86 = Debug|x86
		Release|x64 = Release|x64
		Release|x86 = Release|x86
	EndGlobalSection
	GlobalSection(ProjectConfigurationPlatforms) = postSolution
		{0FF98BA5-9A34-428A-B824-4C531A6E7A07}.Debug|x64.ActiveCfg = Debug|x64
		{0FF98BA5-9A34-428A-B824-4C531A6E7A07}.Debug|x64.Build.0 = Debug|x64
		{0FF98BA5-9A34-428A-B824-4C531A6E7A07}.Debug|x86.ActiveCfg = Debug|Win32
		{0FF98BA5-9A34-428A-B824-4C531A6E7A07}.Debug|x86.Build.0 = Debug|Win32
		{0FF98BA5-9A34-428A-B824-4C531A6E7A07}.Release|x64.ActiveCfg = Release|x64
		{0FF98BA5-9A34-428A-B824-4C531A6E7A07}.Release|x64.Build.0 = Release|x64
		{0FF98BA5-9A34-428A-B824-4C531A6E7A07}.Release|x86.ActiveCfg = Release|Win32
		{0FF98BA5-9A34-428A-B824-4C531A6E7A07}.Release|x86.Build.0 = Release|Win32
	EndGlobalSection
	GlobalSection(SolutionProperties) = preSolution
		HideSolutionNode = FALSE
	EndGlobalSection
	GlobalSection(ExtensibilityGlobals) = postSolution
		SolutionGuid = {9FD83D15-AD54-44FD-9B10-288D5CE0D1A5}
	EndGlobalSection
EndGlobal
